
Microsoft Visual Studio Solution File, Format Version 12.00
# Visual Studio 15
VisualStudioVersion = 15.0.26020.0
MinimumVisualStudioVersion = 10.0.40219.1
Project("{FAE04EC0-301F-11D3-BF4B-00C04F79EFBC}") = "FasTeamData", "FasTeamData\FasTeamData.csproj", "{0BB94DB5-501C-42C8-BA18-E9E9ACC1D4CF}"
EndProject
Project("{FAE04EC0-301F-11D3-BF4B-00C04F79EFBC}") = "FasdsTeamSoap", "FasdsTeamSoap\FasdsTeamSoap.csproj", "{7307DA4D-8BD0-48F6-A503-8BAC1A69B956}"
EndProject
Global
	GlobalSection(SolutionConfigurationPlatforms) = preSolution
		Debug|Any CPU = Debug|Any CPU
		Release|Any CPU = Release|Any CPU
	EndGlobalSection
	GlobalSection(ProjectConfigurationPlatforms) = postSolution
		{0BB94DB5-501C-42C8-BA18-E9E9ACC1D4CF}.Debug|Any CPU.ActiveCfg = Debug|Any CPU
		{0BB94DB5-501C-42C8-BA18-E9E9ACC1D4CF}.Debug|Any CPU.Build.0 = Debug|Any CPU
		{0BB94DB5-501C-42C8-BA18-E9E9ACC1D4CF}.Release|Any CPU.ActiveCfg = Release|Any CPU
		{0BB94DB5-501C-42C8-BA18-E9E9ACC1D4CF}.Release|Any CPU.Build.0 = Release|Any CPU
		{7307DA4D-8BD0-48F6-A503-8BAC1A69B956}.Debug|Any CPU.ActiveCfg = Debug|Any CPU
		{7307DA4D-8BD0-48F6-A503-8BAC1A69B956}.Debug|Any CPU.Build.0 = Debug|Any CPU
		{7307DA4D-8BD0-48F6-A503-8BAC1A69B956}.Release|Any CPU.ActiveCfg = Release|Any CPU
		{7307DA4D-8BD0-48F6-A503-8BAC1A69B956}.Release|Any CPU.Build.0 = Release|Any CPU
	EndGlobalSection
	GlobalSection(SolutionProperties) = preSolution
		HideSolutionNode = FALSE
	EndGlobalSection
EndGlobal
